{
  "name": "clawstash",
  "version": "1.0.0",
  "lockfileVersion": 3,
  "requires": true,
  "packages": {
    "": {
      "name": "clawstash",
      "version": "1.0.0",
      "license": "MIT",
      "dependencies": {
        "@modelcontextprotocol/sdk": "^1.27.1",
        "adm-zip": "^0.5.17",
        "archiver": "^7.0.1",
        "better-sqlite3": "^12.9.0",
        "diff": "^9.0.0",
        "marked": "^18.0.3",
        "mermaid": "^11.14.0",
        "next": "^16.2.4",
        "prismjs": "^1.30.0",
        "react": "^19.0.0",
        "react-dom": "^19.2.5",
        "react-simple-code-editor": "^0.14.1",
        "react-zoom-pan-pinch": "^3.7.0",
        "tsx": "^4.19.0",
        "uuid": "^14.0.0",
        "zod": "^3.24.0",
        "zod-to-json-schema": "^3.25.2"
      },
      "devDependencies": {
        "@types/adm-zip": "^0.5.8",
        "@types/archiver": "^7.0.0",
        "@types/better-sqlite3": "^7.6.12",
        "@types/diff": "^8.0.0",
        "@types/node": "^25.6.0",
        "@types/prismjs": "^1.26.6",
        "@types/react": "^19.2.14",
        "@types/react-dom": "^19.0.0",
        "@types/uuid": "^11.0.0",
        "typescript": "^6.0.3",
        "vitest": "^3.2.4"
      }
    },
    "node_modules/@antfu/install-pkg": {
      "version": "1.1.0",
      "resolved": "https://registry.npmjs.org/@antfu/install-pkg/-/install-pkg-1.1.0.tgz",
      "integrity": "sha512-MGQsmw10ZyI+EJo45CdSER4zEb+p31LpDAFp2Z3gkSd1yqVZGi0Ebx++YTEMonJy4oChEMLsxZ64j8FH6sSqtQ==",
      "license": "MIT",
      "dependencies": {
        "package-manager-detector": "^1.3.0",
        "tinyexec": "^1.0.1"
      },
      "funding": {
        "url": "https://github.com/sponsors/antfu"
      }
    },
    "node_modules/@braintree/sanitize-url": {
      "version": "7.1.2",
      "resolved": "https://registry.npmjs.org/@braintree/sanitize-url/-/sanitize-url-7.1.2.tgz",
      "integrity": "sha512-jigsZK+sMF/cuiB7sERuo9V7N9jx+dhmHHnQyDSVdpZwVutaBu7WvNYqMDLSgFgfB30n452TP3vjDAvFC973mA==",
      "license": "MIT"
    }
  }
}
